
Microsoft Visual Studio Solution File, Format Version 12.00
# Visual Studio Version 16
VisualStudioVersion = 16.0.30011.22
MinimumVisualStudioVersion = 10.0.40219.1
Project("{9A19103F-16F7-4668-BE54-9A1E7A4F7556}") = "PetsLostAndFoundSystem", "PetsLostAndFoundSystem\PetsLostAndFoundSystem.csproj", "{E72E45CC-1DD3-49AC-A4EC-A9DBB683A6DD}"
EndProject
Project("{9A19103F-16F7-4668-BE54-9A1E7A4F7556}") = "PetsLostAndFoundSystem.MVC", "PetsLostAndFoundSystem.MVC\PetsLostAndFoundSystem.MVC.csproj", "{1F384A0C-59BE-461D-AE3F-F131D892AB18}"
EndProject
Project("{9A19103F-16F7-4668-BE54-9A1E7A4F7556}") = "PetsLostAndFoundSystem.Admin", "PetsLostAndFoundSystem.Admin\PetsLostAndFoundSystem.Admin.csproj", "{34412A63-34AD-4F67-94A1-4ADF0CBE690D}"
EndProject
Project("{9A19103F-16F7-4668-BE54-9A1E7A4F7556}") = "PetsLostAndFoundSystem.Identity", "PetsLostAndFoundSystem.Identity\PetsLostAndFoundSystem.Identity.csproj", "{F05F7449-E92F-47CD-88E5-82CA6A6A0B8E}"
EndProject
Project("{9A19103F-16F7-4668-BE54-9A1E7A4F7556}") = "PetsLostAndFoundSystem.Publications", "PetsLostAndFoundSystem.Publications\PetsLostAndFoundSystem.Publications.csproj", "{078929D7-2E2F-46F1-9B89-E658A906BD03}"
EndProject
Project("{9A19103F-16F7-4668-BE54-9A1E7A4F7556}") = "PetsLostAndFoundSystem.Reporters.Gateway", "PetsLostAndFoundSystem.Reporters.Gateway\PetsLostAndFoundSystem.Reporters.Gateway.csproj", "{2FCC4FB4-BCA0-4E04-BD37-A64BCB18E89F}"
EndProject
Project("{9A19103F-16F7-4668-BE54-9A1E7A4F7556}") = "PetsLostAndFoundSystem.Statistics", "PetsLostAndFoundSystem.Statistics\PetsLostAndFoundSystem.Statistics.csproj", "{95D50799-3B03-4D95-A542-91DEA40CFD59}"
EndProject
Project("{9A19103F-16F7-4668-BE54-9A1E7A4F7556}") = "PetsLostAndFoundSystem.Notifications", "PetsLostAndFoundSystem.Notifications\PetsLostAndFoundSystem.Notifications.csproj", "{198BBD53-135A-4331-B73B-A1273BD4F34A}"
EndProject
Project("{9A19103F-16F7-4668-BE54-9A1E7A4F7556}") = "PetsLostAndFoundSystem.Reporters", "PetsLostAndFoundSystem.Reporters\PetsLostAndFoundSystem.Reporters.csproj", "{2E57B74E-BEA3-436E-A9C0-109BE6737084}"
EndProject
Project("{FAE04EC0-301F-11D3-BF4B-00C04F79EFBC}") = "PetsLostAndFoundSystem.Watchdog", "PetsLostAndFoundSystem.Watchdog\PetsLostAndFoundSystem.Watchdog.csproj", "{80AB718E-B535-47EE-80A3-025B63D13F20}"
EndProject
Global
	GlobalSection(SolutionConfigurationPlatforms) = preSolution
		Debug|Any CPU = Debug|Any CPU
		Release|Any CPU = Release|Any CPU
	EndGlobalSection
	GlobalSection(ProjectConfigurationPlatforms) = postSolution
		{E72E45CC-1DD3-49AC-A4EC-A9DBB683A6DD}.Debug|Any CPU.ActiveCfg = Debug|Any CPU
		{E72E45CC-1DD3-49AC-A4EC-A9DBB683A6DD}.Debug|Any CPU.Build.0 = Debug|Any CPU
		{E72E45CC-1DD3-49AC-A4EC-A9DBB683A6DD}.Release|Any CPU.ActiveCfg = Release|Any CPU
		{E72E45CC-1DD3-49AC-A4EC-A9DBB683A6DD}.Release|Any CPU.Build.0 = Release|Any CPU
		{1F384A0C-59BE-461D-AE3F-F131D892AB18}.Debug|Any CPU.ActiveCfg = Debug|Any CPU
		{1F384A0C-59BE-461D-AE3F-F131D892AB18}.Debug|Any CPU.Build.0 = Debug|Any CPU
		{1F384A0C-59BE-461D-AE3F-F131D892AB18}.Release|Any CPU.ActiveCfg = Release|Any CPU
		{1F384A0C-59BE-461D-AE3F-F131D892AB18}.Release|Any CPU.Build.0 = Release|Any CPU
		{34412A63-34AD-4F67-94A1-4ADF0CBE690D}.Debug|Any CPU.ActiveCfg = Debug|Any CPU
		{34412A63-34AD-4F67-94A1-4ADF0CBE690D}.Debug|Any CPU.Build.0 = Debug|Any CPU
		{34412A63-34AD-4F67-94A1-4ADF0CBE690D}.Release|Any CPU.ActiveCfg = Release|Any CPU
		{34412A63-34AD-4F67-94A1-4ADF0CBE690D}.Release|Any CPU.Build.0 = Release|Any CPU
		{F05F7449-E92F-47CD-88E5-82CA6A6A0B8E}.Debug|Any CPU.ActiveCfg = Debug|Any CPU
		{F05F7449-E92F-47CD-88E5-82CA6A6A0B8E}.Debug|Any CPU.Build.0 = Debug|Any CPU
		{F05F7449-E92F-47CD-88E5-82CA6A6A0B8E}.Release|Any CPU.ActiveCfg = Release|Any CPU
		{F05F7449-E92F-47CD-88E5-82CA6A6A0B8E}.Release|Any CPU.Build.0 = Release|Any CPU
		{078929D7-2E2F-46F1-9B89-E658A906BD03}.Debug|Any CPU.ActiveCfg = Debug|Any CPU
		{078929D7-2E2F-46F1-9B89-E658A906BD03}.Debug|Any CPU.Build.0 = Debug|Any CPU
		{078929D7-2E2F-46F1-9B89-E658A906BD03}.Release|Any CPU.ActiveCfg = Release|Any CPU
		{078929D7-2E2F-46F1-9B89-E658A906BD03}.Release|Any CPU.Build.0 = Release|Any CPU
		{2FCC4FB4-BCA0-4E04-BD37-A64BCB18E89F}.Debug|Any CPU.ActiveCfg = Debug|Any CPU
		{2FCC4FB4-BCA0-4E04-BD37-A64BCB18E89F}.Debug|Any CPU.Build.0 = Debug|Any CPU
		{2FCC4FB4-BCA0-4E04-BD37-A64BCB18E89F}.Release|Any CPU.ActiveCfg = Release|Any CPU
		{2FCC4FB4-BCA0-4E04-BD37-A64BCB18E89F}.Release|Any CPU.Build.0 = Release|Any CPU
		{95D50799-3B03-4D95-A542-91DEA40CFD59}.Debug|Any CPU.ActiveCfg = Debug|Any CPU
		{95D50799-3B03-4D95-A542-91DEA40CFD59}.Debug|Any CPU.Build.0 = Debug|Any CPU
		{95D50799-3B03-4D95-A542-91DEA40CFD59}.Release|Any CPU.ActiveCfg = Release|Any CPU
		{95D50799-3B03-4D95-A542-91DEA40CFD59}.Release|Any CPU.Build.0 = Release|Any CPU
		{198BBD53-135A-4331-B73B-A1273BD4F34A}.Debug|Any CPU.ActiveCfg = Debug|Any CPU
		{198BBD53-135A-4331-B73B-A1273BD4F34A}.Debug|Any CPU.Build.0 = Debug|Any CPU
		{198BBD53-135A-4331-B73B-A1273BD4F34A}.Release|Any CPU.ActiveCfg = Release|Any CPU
		{198BBD53-135A-4331-B73B-A1273BD4F34A}.Release|Any CPU.Build.0 = Release|Any CPU
		{2E57B74E-BEA3-436E-A9C0-109BE6737084}.Debug|Any CPU.ActiveCfg = Debug|Any CPU
		{2E57B74E-BEA3-436E-A9C0-109BE6737084}.Debug|Any CPU.Build.0 = Debug|Any CPU
		{2E57B74E-BEA3-436E-A9C0-109BE6737084}.Release|Any CPU.ActiveCfg = Release|Any CPU
		{2E57B74E-BEA3-436E-A9C0-109BE6737084}.Release|Any CPU.Build.0 = Release|Any CPU
		{80AB718E-B535-47EE-80A3-025B63D13F20}.Debug|Any CPU.ActiveCfg = Debug|Any CPU
		{80AB718E-B535-47EE-80A3-025B63D13F20}.Debug|Any CPU.Build.0 = Debug|Any CPU
		{80AB718E-B535-47EE-80A3-025B63D13F20}.Release|Any CPU.ActiveCfg = Release|Any CPU
		{80AB718E-B535-47EE-80A3-025B63D13F20}.Release|Any CPU.Build.0 = Release|Any CPU
	EndGlobalSection
	GlobalSection(SolutionProperties) = preSolution
		HideSolutionNode = FALSE
	EndGlobalSection
	GlobalSection(ExtensibilityGlobals) = postSolution
		SolutionGuid = {AF83CAB3-ECEE-44FD-A15F-AC4A940C1CB9}
	EndGlobalSection
EndGlobal
